
Microsoft Visual Studio Solution File, Format Version 12.00
# Visual Studio Version 17
VisualStudioVersion = 17.0.31903.59
MinimumVisualStudioVersion = 10.0.40219.1
Project("{9A19103F-16F7-4668-BE54-9A1E7A4F7556}") = "TicketProcessing", "TicketProcessing\TicketProcessing.csproj", "{21148F39-26C1-47CC-B330-D80D73C86328}"
EndProject
Project("{FAE04EC0-301F-11D3-BF4B-00C04F79EFBC}") = "FormulaeAPI", "FormulaeAPI\FormulaeAPI.csproj", "{335EC5D2-F3E7-44BB-860E-8A748B3284A6}"
EndProject
Global
	GlobalSection(SolutionConfigurationPlatforms) = preSolution
		Debug|Any CPU = Debug|Any CPU
		Release|Any CPU = Release|Any CPU
	EndGlobalSection
	GlobalSection(ProjectConfigurationPlatforms) = postSolution
		{21148F39-26C1-47CC-B330-D80D73C86328}.Debug|Any CPU.ActiveCfg = Debug|Any CPU
		{21148F39-26C1-47CC-B330-D80D73C86328}.Debug|Any CPU.Build.0 = Debug|Any CPU
		{21148F39-26C1-47CC-B330-D80D73C86328}.Release|Any CPU.ActiveCfg = Release|Any CPU
		{21148F39-26C1-47CC-B330-D80D73C86328}.Release|Any CPU.Build.0 = Release|Any CPU
		{335EC5D2-F3E7-44BB-860E-8A748B3284A6}.Debug|Any CPU.ActiveCfg = Debug|Any CPU
		{335EC5D2-F3E7-44BB-860E-8A748B3284A6}.Debug|Any CPU.Build.0 = Debug|Any CPU
		{335EC5D2-F3E7-44BB-860E-8A748B3284A6}.Release|Any CPU.ActiveCfg = Release|Any CPU
		{335EC5D2-F3E7-44BB-860E-8A748B3284A6}.Release|Any CPU.Build.0 = Release|Any CPU
	EndGlobalSection
	GlobalSection(SolutionProperties) = preSolution
		HideSolutionNode = FALSE
	EndGlobalSection
	GlobalSection(ExtensibilityGlobals) = postSolution
		SolutionGuid = {26CA1A4C-B8DE-49B1-9786-E52D0A819340}
	EndGlobalSection
EndGlobal
